
Microsoft Visual Studio Solution File, Format Version 12.00
# Visual Studio 15
VisualStudioVersion = 15.0.27130.2024
MinimumVisualStudioVersion = 10.0.40219.1
Project("{9A19103F-16F7-4668-BE54-9A1E7A4F7556}") = "EvaluationPerformanceFormsAspCore.Web", "EvaluationPerformanceFormsAspCore.Web\EvaluationPerformanceFormsAspCore.Web.csproj", "{1628423A-4F28-487D-B2CA-E14D5A10294D}"
EndProject
Project("{FAE04EC0-301F-11D3-BF4B-00C04F79EFBC}") = "EvaluationPerformanceFormsAspCore.Infrastructure", "EvaluationPerformanceFormsAspCore.Infrastructure\EvaluationPerformanceFormsAspCore.Infrastructure.csproj", "{0FE126FB-8DF2-4276-AC48-D6405EFA15BA}"
EndProject
Global
	GlobalSection(SolutionConfigurationPlatforms) = preSolution
		Debug|Any CPU = Debug|Any CPU
		Release|Any CPU = Release|Any CPU
	EndGlobalSection
	GlobalSection(ProjectConfigurationPlatforms) = postSolution
		{1628423A-4F28-487D-B2CA-E14D5A10294D}.Debug|Any CPU.ActiveCfg = Debug|Any CPU
		{1628423A-4F28-487D-B2CA-E14D5A10294D}.Debug|Any CPU.Build.0 = Debug|Any CPU
		{1628423A-4F28-487D-B2CA-E14D5A10294D}.Release|Any CPU.ActiveCfg = Release|Any CPU
		{1628423A-4F28-487D-B2CA-E14D5A10294D}.Release|Any CPU.Build.0 = Release|Any CPU
		{0FE126FB-8DF2-4276-AC48-D6405EFA15BA}.Debug|Any CPU.ActiveCfg = Debug|Any CPU
		{0FE126FB-8DF2-4276-AC48-D6405EFA15BA}.Debug|Any CPU.Build.0 = Debug|Any CPU
		{0FE126FB-8DF2-4276-AC48-D6405EFA15BA}.Release|Any CPU.ActiveCfg = Release|Any CPU
		{0FE126FB-8DF2-4276-AC48-D6405EFA15BA}.Release|Any CPU.Build.0 = Release|Any CPU
	EndGlobalSection
	GlobalSection(SolutionProperties) = preSolution
		HideSolutionNode = FALSE
	EndGlobalSection
	GlobalSection(ExtensibilityGlobals) = postSolution
		SolutionGuid = {0F7629DD-1C39-4D71-B7AB-727AA5335AC6}
	EndGlobalSection
EndGlobal
